{
  "name": "assignment_4",
  "lockfileVersion": 2,
  "requires": true,
  "packages": {
    "": {
      "name": "assignment_4",
      "dependencies": {
        "quixote": "^1.0.1"
      }
    },
    "node_modules/quixote": {
      "version": "1.0.1",
      "resolved": "https://registry.npmjs.org/quixote/-/quixote-1.0.1.tgz",
      "integrity": "sha512-fS4QG9C7kJjmqro5GpHFmkEwnIE/Bdxp2unbpmTIZ/lYqRjf5DGD2feKpM9hmx6GXa9vwCcxXfAEIbwgor6Hdw=="
    }
  },
  "dependencies": {
    "quixote": {
      "version": "1.0.1",
      "resolved": "https://registry.npmjs.org/quixote/-/quixote-1.0.1.tgz",
      "integrity": "sha512-fS4QG9C7kJjmqro5GpHFmkEwnIE/Bdxp2unbpmTIZ/lYqRjf5DGD2feKpM9hmx6GXa9vwCcxXfAEIbwgor6Hdw=="
    }
  }
}
